<?xml version="1.0" encoding="utf-8"?>
<Project ToolsVersion="4.0" xmlns="http://schemas.microsoft.com/developer/msbuild/2003">
  <ItemGroup>
    <Filter Include="소스 파일">
      <UniqueIdentifier>{4FC737F1-C7A5-4376-A066-2A32D752A2FF}</UniqueIdentifier>
      <Extensions>cpp;c;cc;cxx;def;odl;idl;hpj;bat;asm;asmx</Extensions>
    </Filter>
    <Filter Include="헤더 파일">
      <UniqueIdentifier>{93995380-89BD-4b04-88EB-625FBE52EBFB}</UniqueIdentifier>
      <Extensions>h;hpp;hxx;hm;inl;inc;xsd</Extensions>
    </Filter>
    <Filter Include="리소스 파일">
      <UniqueIdentifier>{67DA6AB6-F800-4c08-8B7A-83BB121AAD01}</UniqueIdentifier>
      <Extensions>rc;ico;cur;bmp;dlg;rc2;rct;bin;rgs;gif;jpg;jpeg;jpe;resx;tiff;tif;png;wav</Extensions>
    </Filter>
    <Filter Include="헤더 파일\Default">
      <UniqueIdentifier>{8c686322-9d4b-44fb-94af-9070395d688c}</UniqueIdentifier>
    </Filter>
    <Filter Include="소스 파일\Default">
      <UniqueIdentifier>{753160a2-0073-4851-bd5c-529a5e9ce983}</UniqueIdentifier>
    </Filter>
    <Filter Include="헤더 파일\SceneManage">
      <UniqueIdentifier>{f036f1d3-2c82-4908-bb4d-94e01bddf639}</UniqueIdentifier>
    </Filter>
    <Filter Include="소스 파일\SceneManage">
      <UniqueIdentifier>{01dc9fd1-ea3f-4b68-a2cd-3973e0a3e093}</UniqueIdentifier>
    </Filter>
    <Filter Include="소스 파일\Object">
      <UniqueIdentifier>{e5ac3eb3-7851-4d5b-86cc-074c90d6195f}</UniqueIdentifier>
    </Filter>
    <Filter Include="헤더 파일\Object">
      <UniqueIdentifier>{b895771a-8be3-4821-bcb1-73f5cd540d8a}</UniqueIdentifier>
    </Filter>
  </ItemGroup>
  <ItemGroup>
    <ClCompile Include="main.cpp">
      <Filter>소스 파일</Filter>
    </ClCompile>
    <ClCompile Include="DManager.cpp">
      <Filter>소스 파일\Default</Filter>
    </ClCompile>
    <ClCompile Include="DResource.cpp">
      <Filter>소스 파일\Default</Filter>
    </ClCompile>
    <ClCompile Include="DSprite.cpp">
      <Filter>소스 파일\Default</Filter>
    </ClCompile>
    <ClCompile Include="DSpriteManager.cpp">
      <Filter>소스 파일\Default</Filter>
    </ClCompile>
    <ClCompile Include="ImageManager.cpp">
      <Filter>소스 파일\Default</Filter>
    </ClCompile>
    <ClCompile Include="BufferManager.cpp">
      <Filter>소스 파일\Default</Filter>
    </ClCompile>
    <ClCompile Include="MyImage.cpp">
      <Filter>소스 파일\Default</Filter>
    </ClCompile>
    <ClCompile Include="SceneManager.cpp">
      <Filter>소스 파일\SceneManage</Filter>
    </ClCompile>
    <ClCompile Include="MyBullet.cpp">
      <Filter>소스 파일\Object</Filter>
    </ClCompile>
    <ClCompile Include="MyDevastator.cpp">
      <Filter>소스 파일\Object</Filter>
    </ClCompile>
    <ClCompile Include="MyDominator.cpp">
      <Filter>소스 파일\Object</Filter>
    </ClCompile>
    <ClCompile Include="MyGun.cpp">
      <Filter>소스 파일\Object</Filter>
    </ClCompile>
    <ClCompile Include="MyEffect.cpp">
      <Filter>소스 파일\Object</Filter>
    </ClCompile>
    <ClCompile Include="MyObject.cpp">
      <Filter>소스 파일\Object</Filter>
    </ClCompile>
    <ClCompile Include="MyPlayer.cpp">
      <Filter>소스 파일\Object</Filter>
    </ClCompile>
    <ClCompile Include="MyPredator.cpp">
      <Filter>소스 파일\Object</Filter>
    </ClCompile>
    <ClCompile Include="MySlayer.cpp">
      <Filter>소스 파일\Object</Filter>
    </ClCompile>
    <ClCompile Include="MyBackGround.cpp">
      <Filter>소스 파일\Object</Filter>
    </ClCompile>
    <ClCompile Include="MyHpBar.cpp">
      <Filter>소스 파일\Object</Filter>
    </ClCompile>
  </ItemGroup>
  <ItemGroup>
    <ClInclude Include="DManager.h">
      <Filter>헤더 파일\Default</Filter>
    </ClInclude>
    <ClInclude Include="DResource.h">
      <Filter>헤더 파일\Default</Filter>
    </ClInclude>
    <ClInclude Include="DSprite.h">
      <Filter>헤더 파일\Default</Filter>
    </ClInclude>
    <ClInclude Include="DSpriteManager.h">
      <Filter>헤더 파일\Default</Filter>
    </ClInclude>
    <ClInclude Include="ImageManager.h">
      <Filter>헤더 파일\Default</Filter>
    </ClInclude>
    <ClInclude Include="BufferManager.h">
      <Filter>헤더 파일\Default</Filter>
    </ClInclude>
    <ClInclude Include="MyImage.h">
      <Filter>헤더 파일\Default</Filter>
    </ClInclude>
    <ClInclude Include="SceneManager.h">
      <Filter>헤더 파일\SceneManage</Filter>
    </ClInclude>
    <ClInclude Include="MySlayer.h">
      <Filter>헤더 파일\Object</Filter>
    </ClInclude>
    <ClInclude Include="MyPredator.h">
      <Filter>헤더 파일\Object</Filter>
    </ClInclude>
    <ClInclude Include="MyPlayer.h">
      <Filter>헤더 파일\Object</Filter>
    </ClInclude>
    <ClInclude Include="MyObject.h">
      <Filter>헤더 파일\Object</Filter>
    </ClInclude>
    <ClInclude Include="MyGun.h">
      <Filter>헤더 파일\Object</Filter>
    </ClInclude>
    <ClInclude Include="MyEffect.h">
      <Filter>헤더 파일\Object</Filter>
    </ClInclude>
    <ClInclude Include="MyDominator.h">
      <Filter>헤더 파일\Object</Filter>
    </ClInclude>
    <ClInclude Include="MyDevastator.h">
      <Filter>헤더 파일\Object</Filter>
    </ClInclude>
    <ClInclude Include="MyBullet.h">
      <Filter>헤더 파일\Object</Filter>
    </ClInclude>
    <ClInclude Include="MyBackGround.h">
      <Filter>헤더 파일\Object</Filter>
    </ClInclude>
    <ClInclude Include="MyHpBar.h">
      <Filter>헤더 파일\Object</Filter>
    </ClInclude>
  </ItemGroup>
</Project>